// !$*UTF8*$!
{
	archiveVersion = 1;
	classes = {
	};
	objectVersion = 55;
	objects = {

/* Begin PBXBuildFile section */
		EF5ECEDE296998B800861707 /* AppDelegate.swift in Sources */ = {isa = PBXBuildFile; fileRef = EF5ECEDD296998B800861707 /* AppDelegate.swift */; };
		EF5ECEE0296998B800861707 /* SceneDelegate.swift in Sources */ = {isa = PBXBuildFile; fileRef = EF5ECEDF296998B800861707 /* SceneDelegate.swift */; };
		EF5ECEE2296998B800861707 /* MainViewController.swift in Sources */ = {isa = PBXBuildFile; fileRef = EF5ECEE1296998B800861707 /* MainViewController.swift */; };
		EF5ECEE7296998B900861707 /* Assets.xcassets in Resources */ = {isa = PBXBuildFile; fileRef = EF5ECEE6296998B900861707 /* Assets.xcassets */; };
		EF5ECEEA296998B900861707 /* LaunchScreen.storyboard in Resources */ = {isa = PBXBuildFile; fileRef = EF5ECEE8296998B900861707 /* LaunchScreen.storyboard */; };
		EF5ECEF22969A54B00861707 /* TotalBillView.swift in Sources */ = {isa = PBXBuildFile; fileRef = EF5ECEF12969A54B00861707 /* TotalBillView.swift */; };
		EF5ECEF42969AE9000861707 /* PeopleView.swift in Sources */ = {isa = PBXBuildFile; fileRef = EF5ECEF32969AE9000861707 /* PeopleView.swift */; };
		EF5ECEF82969D4C100861707 /* TipsCollectionViewCell.swift in Sources */ = {isa = PBXBuildFile; fileRef = EF5ECEF72969D4C100861707 /* TipsCollectionViewCell.swift */; };
		EF5ECEFE2969D7A900861707 /* TipsView.swift in Sources */ = {isa = PBXBuildFile; fileRef = EF5ECEFD2969D7A900861707 /* TipsView.swift */; };
/* End PBXBuildFile section */

/* Begin PBXFileReference section */
		EF5ECEDA296998B800861707 /* total bill.app */ = {isa = PBXFileReference; explicitFileType = wrapper.application; includeInIndex = 0; path = "total bill.app"; sourceTree = BUILT_PRODUCTS_DIR; };
		EF5ECEDD296998B800861707 /* AppDelegate.swift */ = {isa = PBXFileReference; lastKnownFileType = sourcecode.swift; path = AppDelegate.swift; sourceTree = "<group>"; };
		EF5ECEDF296998B800861707 /* SceneDelegate.swift */ = {isa = PBXFileReference; lastKnownFileType = sourcecode.swift; path = SceneDelegate.swift; sourceTree = "<group>"; };
		EF5ECEE1296998B800861707 /* MainViewController.swift */ = {isa = PBXFileReference; lastKnownFileType = sourcecode.swift; path = MainViewController.swift; sourceTree = "<group>"; };
		EF5ECEE6296998B900861707 /* Assets.xcassets */ = {isa = PBXFileReference; lastKnownFileType = folder.assetcatalog; path = Assets.xcassets; sourceTree = "<group>"; };
		EF5ECEE9296998B900861707 /* Base */ = {isa = PBXFileReference; lastKnownFileType = file.storyboard; name = Base; path = Base.lproj/LaunchScreen.storyboard; sourceTree = "<group>"; };
		EF5ECEEB296998B900861707 /* Info.plist */ = {isa = PBXFileReference; lastKnownFileType = text.plist.xml; path = Info.plist; sourceTree = "<group>"; };
		EF5ECEF12969A54B00861707 /* TotalBillView.swift */ = {isa = PBXFileReference; lastKnownFileType = sourcecode.swift; path = TotalBillView.swift; sourceTree = "<group>"; };
		EF5ECEF32969AE9000861707 /* PeopleView.swift */ = {isa = PBXFileReference; lastKnownFileType = sourcecode.swift; path = PeopleView.swift; sourceTree = "<group>"; };
		EF5ECEF72969D4C100861707 /* TipsCollectionViewCell.swift */ = {isa = PBXFileReference; lastKnownFileType = sourcecode.swift; path = TipsCollectionViewCell.swift; sourceTree = "<group>"; };
		EF5ECEFD2969D7A900861707 /* TipsView.swift */ = {isa = PBXFileReference; lastKnownFileType = sourcecode.swift; path = TipsView.swift; sourceTree = "<group>"; };
/* End PBXFileReference section */

/* Begin PBXFrameworksBuildPhase section */
		EF5ECED7296998B800861707 /* Frameworks */ = {
			isa = PBXFrameworksBuildPhase;
			buildActionMask = 2147483647;
			files = (
			);
			runOnlyForDeploymentPostprocessing = 0;
		};
/* End PBXFrameworksBuildPhase section */

/* Begin PBXGroup section */
		EF5ECED1296998B800861707 = {
			isa = PBXGroup;
			children = (
				EF5ECEDC296998B800861707 /* total bill */,
				EF5ECEDB296998B800861707 /* Products */,
			);
			sourceTree = "<group>";
		};
		EF5ECEDB296998B800861707 /* Products */ = {
			isa = PBXGroup;
			children = (
				EF5ECEDA296998B800861707 /* total bill.app */,
			);
			name = Products;
			sourceTree = "<group>";
		};
		EF5ECEDC296998B800861707 /* total bill */ = {
			isa = PBXGroup;
			children = (
				EF5ECEF92969D4DD00861707 /* Application */,
				EF5ECEFA2969D51700861707 /* Controllers */,
				EF5ECEFB2969D56B00861707 /* Views */,
				EF5ECEE6296998B900861707 /* Assets.xcassets */,
				EF5ECEE8296998B900861707 /* LaunchScreen.storyboard */,
				EF5ECEEB296998B900861707 /* Info.plist */,
			);
			path = "total bill";
			sourceTree = "<group>";
		};
		EF5ECEF92969D4DD00861707 /* Application */ = {
			isa = PBXGroup;
			children = (
				EF5ECEDD296998B800861707 /* AppDelegate.swift */,
				EF5ECEDF296998B800861707 /* SceneDelegate.swift */,
			);
			path = Application;
			sourceTree = "<group>";
		};
		EF5ECEFA2969D51700861707 /* Controllers */ = {
			isa = PBXGroup;
			children = (
				EF5ECEE1296998B800861707 /* MainViewController.swift */,
			);
			path = Controllers;
			sourceTree = "<group>";
		};
		EF5ECEFB2969D56B00861707 /* Views */ = {
			isa = PBXGroup;
			children = (
				EF5ECEFC2969D59100861707 /* Cells */,
				EF5ECEF12969A54B00861707 /* TotalBillView.swift */,
				EF5ECEF32969AE9000861707 /* PeopleView.swift */,
				EF5ECEFD2969D7A900861707 /* TipsView.swift */,
			);
			path = Views;
			sourceTree = "<group>";
		};
		EF5ECEFC2969D59100861707 /* Cells */ = {
			isa = PBXGroup;
			children = (
				EF5ECEF72969D4C100861707 /* TipsCollectionViewCell.swift */,
			);
			path = Cells;
			sourceTree = "<group>";
		};
/* End PBXGroup section */

/* Begin PBXNativeTarget section */
		EF5ECED9296998B800861707 /* total bill */ = {
			isa = PBXNativeTarget;
			buildConfigurationList = EF5ECEEE296998B900861707 /* Build configuration list for PBXNativeTarget "total bill" */;
			buildPhases = (
				EF5ECED6296998B800861707 /* Sources */,
				EF5ECED7296998B800861707 /* Frameworks */,
				EF5ECED8296998B800861707 /* Resources */,
			);
			buildRules = (
			);
			dependencies = (
			);
			name = "total bill";
			productName = "total bill";
			productReference = EF5ECEDA296998B800861707 /* total bill.app */;
			productType = "com.apple.product-type.application";
		};
/* End PBXNativeTarget section */

/* Begin PBXProject section */
		EF5ECED2296998B800861707 /* Project object */ = {
			isa = PBXProject;
			attributes = {
				BuildIndependentTargetsInParallel = 1;
				LastSwiftUpdateCheck = 1340;
				LastUpgradeCheck = 1340;
				TargetAttributes = {
					EF5ECED9296998B800861707 = {
						CreatedOnToolsVersion = 13.4.1;
					};
				};
			};
			buildConfigurationList = EF5ECED5296998B800861707 /* Build configuration list for PBXProject "total bill" */;
			compatibilityVersion = "Xcode 13.0";
			developmentRegion = en;
			hasScannedForEncodings = 0;
			knownRegions = (
				en,
				Base,
			);
			mainGroup = EF5ECED1296998B800861707;
			productRefGroup = EF5ECEDB296998B800861707 /* Products */;
			projectDirPath = "";
			projectRoot = "";
			targets = (
				EF5ECED9296998B800861707 /* total bill */,
			);
		};
/* End PBXProject section */

/* Begin PBXResourcesBuildPhase section */
		EF5ECED8296998B800861707 /* Resources */ = {
			isa = PBXResourcesBuildPhase;
			buildActionMask = 2147483647;
			files = (
				EF5ECEEA296998B900861707 /* LaunchScreen.storyboard in Resources */,
				EF5ECEE7296998B900861707 /* Assets.xcassets in Resources */,
			);
			runOnlyForDeploymentPostprocessing = 0;
		};
/* End PBXResourcesBuildPhase section */

/* Begin PBXSourcesBuildPhase section */
		EF5ECED6296998B800861707 /* Sources */ = {
			isa = PBXSourcesBuildPhase;
			buildActionMask = 2147483647;
			files = (
				EF5ECEF22969A54B00861707 /* TotalBillView.swift in Sources */,
				EF5ECEE2296998B800861707 /* MainViewController.swift in Sources */,
				EF5ECEDE296998B800861707 /* AppDelegate.swift in Sources */,
				EF5ECEFE2969D7A900861707 /* TipsView.swift in Sources */,
				EF5ECEF82969D4C100861707 /* TipsCollectionViewCell.swift in Sources */,
				EF5ECEE0296998B800861707 /* SceneDelegate.swift in Sources */,
				EF5ECEF42969AE9000861707 /* PeopleView.swift in Sources */,
			);
			runOnlyForDeploymentPostprocessing = 0;
		};
/* End PBXSourcesBuildPhase section */

/* Begin PBXVariantGroup section */
		EF5ECEE8296998B900861707 /* LaunchScreen.storyboard */ = {
			isa = PBXVariantGroup;
			children = (
				EF5ECEE9296998B900861707 /* Base */,
			);
			name = LaunchScreen.storyboard;
			sourceTree = "<group>";
		};
/* End PBXVariantGroup section */

/* Begin XCBuildConfiguration section */
		EF5ECEEC296998B900861707 /* Debug */ = {
			isa = XCBuildConfiguration;
			buildSettings = {
				ALWAYS_SEARCH_USER_PATHS = NO;
				CLANG_ANALYZER_NONNULL = YES;
				CLANG_ANALYZER_NUMBER_OBJECT_CONVERSION = YES_AGGRESSIVE;
				CLANG_CXX_LANGUAGE_STANDARD = "gnu++17";
				CLANG_ENABLE_MODULES = YES;
				CLANG_ENABLE_OBJC_ARC = YES;
				CLANG_ENABLE_OBJC_WEAK = YES;
				CLANG_WARN_BLOCK_CAPTURE_AUTORELEASING = YES;
				CLANG_WARN_BOOL_CONVERSION = YES;
				CLANG_WARN_COMMA = YES;
				CLANG_WARN_CONSTANT_CONVERSION = YES;
				CLANG_WARN_DEPRECATED_OBJC_IMPLEMENTATIONS = YES;
				CLANG_WARN_DIRECT_OBJC_ISA_USAGE = YES_ERROR;
				CLANG_WARN_DOCUMENTATION_COMMENTS = YES;
				CLANG_WARN_EMPTY_BODY = YES;
				CLANG_WARN_ENUM_CONVERSION = YES;
				CLANG_WARN_INFINITE_RECURSION = YES;
				CLANG_WARN_INT_CONVERSION = YES;
				CLANG_WARN_NON_LITERAL_NULL_CONVERSION = YES;
				CLANG_WARN_OBJC_IMPLICIT_RETAIN_SELF = YES;
				CLANG_WARN_OBJC_LITERAL_CONVERSION = YES;
				CLANG_WARN_OBJC_ROOT_CLASS = YES_ERROR;
				CLANG_WARN_QUOTED_INCLUDE_IN_FRAMEWORK_HEADER = YES;
				CLANG_WARN_RANGE_LOOP_ANALYSIS = YES;
				CLANG_WARN_STRICT_PROTOTYPES = YES;
				CLANG_WARN_SUSPICIOUS_MOVE = YES;
				CLANG_WARN_UNGUARDED_AVAILABILITY = YES_AGGRESSIVE;
				CLANG_WARN_UNREACHABLE_CODE = YES;
				CLANG_WARN__DUPLICATE_METHOD_MATCH = YES;
				COPY_PHASE_STRIP = NO;
				DEBUG_INFORMATION_FORMAT = dwarf;
				ENABLE_STRICT_OBJC_MSGSEND = YES;
				ENABLE_TESTABILITY = YES;
				GCC_C_LANGUAGE_STANDARD = gnu11;
				GCC_DYNAMIC_NO_PIC = NO;
				GCC_NO_COMMON_BLOCKS = YES;
				GCC_OPTIMIZATION_LEVEL = 0;
				GCC_PREPROCESSOR_DEFINITIONS = (
					"DEBUG=1",
					"$(inherited)",
				);
				GCC_WARN_64_TO_32_BIT_CONVERSION = YES;
				GCC_WARN_ABOUT_RETURN_TYPE = YES_ERROR;
				GCC_WARN_UNDECLARED_SELECTOR = YES;
				GCC_WARN_UNINITIALIZED_AUTOS = YES_AGGRESSIVE;
				GCC_WARN_UNUSED_FUNCTION = YES;
				GCC_WARN_UNUSED_VARIABLE = YES;
				IPHONEOS_DEPLOYMENT_TARGET = 15.5;
				MTL_ENABLE_DEBUG_INFO = INCLUDE_SOURCE;
				MTL_FAST_MATH = YES;
				ONLY_ACTIVE_ARCH = YES;
				SDKROOT = iphoneos;
				SWIFT_ACTIVE_COMPILATION_CONDITIONS = DEBUG;
				SWIFT_OPTIMIZATION_LEVEL = "-Onone";
			};
			name = Debug;
		};
		EF5ECEED296998B900861707 /* Release */ = {
			isa = XCBuildConfiguration;
			buildSettings = {
				ALWAYS_SEARCH_USER_PATHS = NO;
				CLANG_ANALYZER_NONNULL = YES;
				CLANG_ANALYZER_NUMBER_OBJECT_CONVERSION = YES_AGGRESSIVE;
				CLANG_CXX_LANGUAGE_STANDARD = "gnu++17";
				CLANG_ENABLE_MODULES = YES;
				CLANG_ENABLE_OBJC_ARC = YES;
				CLANG_ENABLE_OBJC_WEAK = YES;
				CLANG_WARN_BLOCK_CAPTURE_AUTORELEASING = YES;
				CLANG_WARN_BOOL_CONVERSION = YES;
				CLANG_WARN_COMMA = YES;
				CLANG_WARN_CONSTANT_CONVERSION = YES;
				CLANG_WARN_DEPRECATED_OBJC_IMPLEMENTATIONS = YES;
				CLANG_WARN_DIRECT_OBJC_ISA_USAGE = YES_ERROR;
				CLANG_WARN_DOCUMENTATION_COMMENTS = YES;
				CLANG_WARN_EMPTY_BODY = YES;
				CLANG_WARN_ENUM_CONVERSION = YES;
				CLANG_WARN_INFINITE_RECURSION = YES;
				CLANG_WARN_INT_CONVERSION = YES;
				CLANG_WARN_NON_LITERAL_NULL_CONVERSION = YES;
				CLANG_WARN_OBJC_IMPLICIT_RETAIN_SELF = YES;
				CLANG_WARN_OBJC_LITERAL_CONVERSION = YES;
				CLANG_WARN_OBJC_ROOT_CLASS = YES_ERROR;
				CLANG_WARN_QUOTED_INCLUDE_IN_FRAMEWORK_HEADER = YES;
				CLANG_WARN_RANGE_LOOP_ANALYSIS = YES;
				CLANG_WARN_STRICT_PROTOTYPES = YES;
				CLANG_WARN_SUSPICIOUS_MOVE = YES;
				CLANG_WARN_UNGUARDED_AVAILABILITY = YES_AGGRESSIVE;
				CLANG_WARN_UNREACHABLE_CODE = YES;
				CLANG_WARN__DUPLICATE_METHOD_MATCH = YES;
				COPY_PHASE_STRIP = NO;
				DEBUG_INFORMATION_FORMAT = "dwarf-with-dsym";
				ENABLE_NS_ASSERTIONS = NO;
				ENABLE_STRICT_OBJC_MSGSEND = YES;
				GCC_C_LANGUAGE_STANDARD = gnu11;
				GCC_NO_COMMON_BLOCKS = YES;
				GCC_WARN_64_TO_32_BIT_CONVERSION = YES;
				GCC_WARN_ABOUT_RETURN_TYPE = YES_ERROR;
				GCC_WARN_UNDECLARED_SELECTOR = YES;
				GCC_WARN_UNINITIALIZED_AUTOS = YES_AGGRESSIVE;
				GCC_WARN_UNUSED_FUNCTION = YES;
				GCC_WARN_UNUSED_VARIABLE = YES;
				IPHONEOS_DEPLOYMENT_TARGET = 15.5;
				MTL_ENABLE_DEBUG_INFO = NO;
				MTL_FAST_MATH = YES;
				SDKROOT = iphoneos;
				SWIFT_COMPILATION_MODE = wholemodule;
				SWIFT_OPTIMIZATION_LEVEL = "-O";
				VALIDATE_PRODUCT = YES;
			};
			name = Release;
		};
		EF5ECEEF296998B900861707 /* Debug */ = {
			isa = XCBuildConfiguration;
			buildSettings = {
				ASSETCATALOG_COMPILER_APPICON_NAME = AppIcon;
				ASSETCATALOG_COMPILER_GLOBAL_ACCENT_COLOR_NAME = AccentColor;
				CODE_SIGN_STYLE = Automatic;
				CURRENT_PROJECT_VERSION = 1;
				GENERATE_INFOPLIST_FILE = YES;
				INFOPLIST_FILE = "total bill/Info.plist";
				INFOPLIST_KEY_UIApplicationSupportsIndirectInputEvents = YES;
				INFOPLIST_KEY_UILaunchStoryboardName = LaunchScreen;
				INFOPLIST_KEY_UISupportedInterfaceOrientations = UIInterfaceOrientationPortrait;
				INFOPLIST_KEY_UISupportedInterfaceOrientations_iPad = "UIInterfaceOrientationPortrait UIInterfaceOrientationPortraitUpsideDown UIInterfaceOrientationLandscapeLeft UIInterfaceOrientationLandscapeRight";
				INFOPLIST_KEY_UISupportedInterfaceOrientations_iPhone = "UIInterfaceOrientationPortrait UIInterfaceOrientationLandscapeLeft UIInterfaceOrientationLandscapeRight";
				IPHONEOS_DEPLOYMENT_TARGET = 13.0;
				LD_RUNPATH_SEARCH_PATHS = (
					"$(inherited)",
					"@executable_path/Frameworks",
				);
				MARKETING_VERSION = 1.0;
				PRODUCT_BUNDLE_IDENTIFIER = "OA.total-bill";
				PRODUCT_NAME = "$(TARGET_NAME)";
				SWIFT_EMIT_LOC_STRINGS = YES;
				SWIFT_VERSION = 5.0;
				TARGETED_DEVICE_FAMILY = 1;
			};
			name = Debug;
		};
		EF5ECEF0296998B900861707 /* Release */ = {
			isa = XCBuildConfiguration;
			buildSettings = {
				ASSETCATALOG_COMPILER_APPICON_NAME = AppIcon;
				ASSETCATALOG_COMPILER_GLOBAL_ACCENT_COLOR_NAME = AccentColor;
				CODE_SIGN_STYLE = Automatic;
				CURRENT_PROJECT_VERSION = 1;
				GENERATE_INFOPLIST_FILE = YES;
				INFOPLIST_FILE = "total bill/Info.plist";
				INFOPLIST_KEY_UIApplicationSupportsIndirectInputEvents = YES;
				INFOPLIST_KEY_UILaunchStoryboardName = LaunchScreen;
				INFOPLIST_KEY_UISupportedInterfaceOrientations = UIInterfaceOrientationPortrait;
				INFOPLIST_KEY_UISupportedInterfaceOrientations_iPad = "UIInterfaceOrientationPortrait UIInterfaceOrientationPortraitUpsideDown UIInterfaceOrientationLandscapeLeft UIInterfaceOrientationLandscapeRight";
				INFOPLIST_KEY_UISupportedInterfaceOrientations_iPhone = "UIInterfaceOrientationPortrait UIInterfaceOrientationLandscapeLeft UIInterfaceOrientationLandscapeRight";
				IPHONEOS_DEPLOYMENT_TARGET = 13.0;
				LD_RUNPATH_SEARCH_PATHS = (
					"$(inherited)",
					"@executable_path/Frameworks",
				);
				MARKETING_VERSION = 1.0;
				PRODUCT_BUNDLE_IDENTIFIER = "OA.total-bill";
				PRODUCT_NAME = "$(TARGET_NAME)";
				SWIFT_EMIT_LOC_STRINGS = YES;
				SWIFT_VERSION = 5.0;
				TARGETED_DEVICE_FAMILY = 1;
			};
			name = Release;
		};
/* End XCBuildConfiguration section */

/* Begin XCConfigurationList section */
		EF5ECED5296998B800861707 /* Build configuration list for PBXProject "total bill" */ = {
			isa = XCConfigurationList;
			buildConfigurations = (
				EF5ECEEC296998B900861707 /* Debug */,
				EF5ECEED296998B900861707 /* Release */,
			);
			defaultConfigurationIsVisible = 0;
			defaultConfigurationName = Release;
		};
		EF5ECEEE296998B900861707 /* Build configuration list for PBXNativeTarget "total bill" */ = {
			isa = XCConfigurationList;
			buildConfigurations = (
				EF5ECEEF296998B900861707 /* Debug */,
				EF5ECEF0296998B900861707 /* Release */,
			);
			defaultConfigurationIsVisible = 0;
			defaultConfigurationName = Release;
		};
/* End XCConfigurationList section */
	};
	rootObject = EF5ECED2296998B800861707 /* Project object */;
}
